
Microsoft Visual Studio Solution File, Format Version 12.00
# Visual Studio Version 17
VisualStudioVersion = 17.12.35506.116
MinimumVisualStudioVersion = 10.0.40219.1
Project("{2150E333-8FDC-42A3-9474-1A3956D46DE8}") = "Services", "Services", "{2661157A-D318-48EE-8E81-B9EB84B12B42}"
EndProject
Project("{2150E333-8FDC-42A3-9474-1A3956D46DE8}") = "Security", "Security", "{780EBFF8-8A3E-467F-886B-972A883CDFE6}"
EndProject
Project("{2150E333-8FDC-42A3-9474-1A3956D46DE8}") = "ServicesShared", "ServicesShared", "{64271EA5-F557-4696-A1FB-A0DE6BFEE994}"
EndProject
Project("{2150E333-8FDC-42A3-9474-1A3956D46DE8}") = "SharedKernel", "SharedKernel", "{F2EA5F64-9B14-4063-A798-37071B122818}"
EndProject
Project("{2150E333-8FDC-42A3-9474-1A3956D46DE8}") = "Tests", "Tests", "{8A8F18DD-EFCE-4D9A-9A99-8A779F4782F9}"
EndProject
Project("{2150E333-8FDC-42A3-9474-1A3956D46DE8}") = "API", "API", "{19540622-E997-4669-A8ED-1B6D29B3932F}"
EndProject
Project("{2150E333-8FDC-42A3-9474-1A3956D46DE8}") = "Core", "Core", "{253311C7-DEB9-46F2-9F60-E68ED00E6C29}"
EndProject
Project("{2150E333-8FDC-42A3-9474-1A3956D46DE8}") = "Infrastructure", "Infrastructure", "{F1231511-0200-4058-8EFF-A250BEAF1DF9}"
EndProject
Project("{FAE04EC0-301F-11D3-BF4B-00C04F79EFBC}") = "Shared.Security.API.Main", "Shared.Security.API.Main\Shared.Security.API.Main.csproj", "{D447699E-BF86-41A2-BA68-2C0AFDE985A1}"
EndProject
Project("{FAE04EC0-301F-11D3-BF4B-00C04F79EFBC}") = "Shared.Security.API.System", "Shared.Security.API.System\Shared.Security.API.System.csproj", "{7B9FC59A-2A30-4897-B4B3-66778B4BFE7C}"
EndProject
Project("{FAE04EC0-301F-11D3-BF4B-00C04F79EFBC}") = "Shared.Security.API.Tenant", "Shared.Security.API.Tenant\Shared.Security.API.Tenant.csproj", "{89110116-105B-496D-910B-69C35CA580B4}"
EndProject
Project("{FAE04EC0-301F-11D3-BF4B-00C04F79EFBC}") = "Shared.Security.Application", "Shared.Security.Application\Shared.Security.Application.csproj", "{C8968CD8-A217-4123-9723-0F20D9130B23}"
EndProject
Project("{FAE04EC0-301F-11D3-BF4B-00C04F79EFBC}") = "Shared.Security.Domain", "Shared.Security.Domain\Shared.Security.Domain.csproj", "{EB69233E-E593-4494-A8F8-0BCA31F77A16}"
EndProject
Project("{FAE04EC0-301F-11D3-BF4B-00C04F79EFBC}") = "Shared.Domain", "Shared.Domain\Shared.Domain.csproj", "{13DAC223-DC06-4576-AAB8-4435D53FCE03}"
EndProject
Project("{FAE04EC0-301F-11D3-BF4B-00C04F79EFBC}") = "Shared.Kernel", "Shared.Kernel\Shared.Kernel.csproj", "{8587E9CB-56A5-4119-82EB-C78F25732D15}"
EndProject
Project("{FAE04EC0-301F-11D3-BF4B-00C04F79EFBC}") = "Test.Shared.Application", "Test.Shared.Application\Test.Shared.Application.csproj", "{83DC7218-9CB9-4799-907E-A11CCC9A80B2}"
EndProject
Project("{FAE04EC0-301F-11D3-BF4B-00C04F79EFBC}") = "Shared.Application", "Shared.Application\Shared.Application.csproj", "{3006C8E1-5A87-4F90-9A44-5157617FBCCD}"
EndProject
Project("{FAE04EC0-301F-11D3-BF4B-00C04F79EFBC}") = "Shared.Infrastructure", "Shared.Infrastructure\Shared.Infrastructure.csproj", "{CE042EB4-6A7C-4184-8D46-FA3F9B095CC5}"
EndProject
Project("{FAE04EC0-301F-11D3-BF4B-00C04F79EFBC}") = "Shared.APIi", "Shared.APIi\Shared.APIi.csproj", "{A3A198CD-F759-42CA-B518-46AD805A7681}"
EndProject
Project("{FAE04EC0-301F-11D3-BF4B-00C04F79EFBC}") = "Shared.Security.Infrastructure", "Shared.Security.Infrastructure\Shared.Security.Infrastructure.csproj", "{BC78D17D-2FE3-4AC2-B5DA-3F34358B816F}"
EndProject
Project("{FAE04EC0-301F-11D3-BF4B-00C04F79EFBC}") = "Shared.Security.Application.Contracts", "Shared.Security.Application.Contracts\Shared.Security.Application.Contracts.csproj", "{2F4C449D-3DD5-4341-A0FB-FBB6674C7BD5}"
EndProject
Global
	GlobalSection(SolutionConfigurationPlatforms) = preSolution
		Debug|Any CPU = Debug|Any CPU
		Release|Any CPU = Release|Any CPU
	EndGlobalSection
	GlobalSection(ProjectConfigurationPlatforms) = postSolution
		{D447699E-BF86-41A2-BA68-2C0AFDE985A1}.Debug|Any CPU.ActiveCfg = Debug|Any CPU
		{D447699E-BF86-41A2-BA68-2C0AFDE985A1}.Debug|Any CPU.Build.0 = Debug|Any CPU
		{D447699E-BF86-41A2-BA68-2C0AFDE985A1}.Release|Any CPU.ActiveCfg = Release|Any CPU
		{D447699E-BF86-41A2-BA68-2C0AFDE985A1}.Release|Any CPU.Build.0 = Release|Any CPU
		{7B9FC59A-2A30-4897-B4B3-66778B4BFE7C}.Debug|Any CPU.ActiveCfg = Debug|Any CPU
		{7B9FC59A-2A30-4897-B4B3-66778B4BFE7C}.Debug|Any CPU.Build.0 = Debug|Any CPU
		{7B9FC59A-2A30-4897-B4B3-66778B4BFE7C}.Release|Any CPU.ActiveCfg = Release|Any CPU
		{7B9FC59A-2A30-4897-B4B3-66778B4BFE7C}.Release|Any CPU.Build.0 = Release|Any CPU
		{89110116-105B-496D-910B-69C35CA580B4}.Debug|Any CPU.ActiveCfg = Debug|Any CPU
		{89110116-105B-496D-910B-69C35CA580B4}.Debug|Any CPU.Build.0 = Debug|Any CPU
		{89110116-105B-496D-910B-69C35CA580B4}.Release|Any CPU.ActiveCfg = Release|Any CPU
		{89110116-105B-496D-910B-69C35CA580B4}.Release|Any CPU.Build.0 = Release|Any CPU
		{C8968CD8-A217-4123-9723-0F20D9130B23}.Debug|Any CPU.ActiveCfg = Debug|Any CPU
		{C8968CD8-A217-4123-9723-0F20D9130B23}.Debug|Any CPU.Build.0 = Debug|Any CPU
		{C8968CD8-A217-4123-9723-0F20D9130B23}.Release|Any CPU.ActiveCfg = Release|Any CPU
		{C8968CD8-A217-4123-9723-0F20D9130B23}.Release|Any CPU.Build.0 = Release|Any CPU
		{EB69233E-E593-4494-A8F8-0BCA31F77A16}.Debug|Any CPU.ActiveCfg = Debug|Any CPU
		{EB69233E-E593-4494-A8F8-0BCA31F77A16}.Debug|Any CPU.Build.0 = Debug|Any CPU
		{EB69233E-E593-4494-A8F8-0BCA31F77A16}.Release|Any CPU.ActiveCfg = Release|Any CPU
		{EB69233E-E593-4494-A8F8-0BCA31F77A16}.Release|Any CPU.Build.0 = Release|Any CPU
		{13DAC223-DC06-4576-AAB8-4435D53FCE03}.Debug|Any CPU.ActiveCfg = Debug|Any CPU
		{13DAC223-DC06-4576-AAB8-4435D53FCE03}.Debug|Any CPU.Build.0 = Debug|Any CPU
		{13DAC223-DC06-4576-AAB8-4435D53FCE03}.Release|Any CPU.ActiveCfg = Release|Any CPU
		{13DAC223-DC06-4576-AAB8-4435D53FCE03}.Release|Any CPU.Build.0 = Release|Any CPU
		{8587E9CB-56A5-4119-82EB-C78F25732D15}.Debug|Any CPU.ActiveCfg = Debug|Any CPU
		{8587E9CB-56A5-4119-82EB-C78F25732D15}.Debug|Any CPU.Build.0 = Debug|Any CPU
		{8587E9CB-56A5-4119-82EB-C78F25732D15}.Release|Any CPU.ActiveCfg = Release|Any CPU
		{8587E9CB-56A5-4119-82EB-C78F25732D15}.Release|Any CPU.Build.0 = Release|Any CPU
		{83DC7218-9CB9-4799-907E-A11CCC9A80B2}.Debug|Any CPU.ActiveCfg = Debug|Any CPU
		{83DC7218-9CB9-4799-907E-A11CCC9A80B2}.Debug|Any CPU.Build.0 = Debug|Any CPU
		{83DC7218-9CB9-4799-907E-A11CCC9A80B2}.Release|Any CPU.ActiveCfg = Release|Any CPU
		{83DC7218-9CB9-4799-907E-A11CCC9A80B2}.Release|Any CPU.Build.0 = Release|Any CPU
		{3006C8E1-5A87-4F90-9A44-5157617FBCCD}.Debug|Any CPU.ActiveCfg = Debug|Any CPU
		{3006C8E1-5A87-4F90-9A44-5157617FBCCD}.Debug|Any CPU.Build.0 = Debug|Any CPU
		{3006C8E1-5A87-4F90-9A44-5157617FBCCD}.Release|Any CPU.ActiveCfg = Release|Any CPU
		{3006C8E1-5A87-4F90-9A44-5157617FBCCD}.Release|Any CPU.Build.0 = Release|Any CPU
		{CE042EB4-6A7C-4184-8D46-FA3F9B095CC5}.Debug|Any CPU.ActiveCfg = Debug|Any CPU
		{CE042EB4-6A7C-4184-8D46-FA3F9B095CC5}.Debug|Any CPU.Build.0 = Debug|Any CPU
		{CE042EB4-6A7C-4184-8D46-FA3F9B095CC5}.Release|Any CPU.ActiveCfg = Release|Any CPU
		{CE042EB4-6A7C-4184-8D46-FA3F9B095CC5}.Release|Any CPU.Build.0 = Release|Any CPU
		{A3A198CD-F759-42CA-B518-46AD805A7681}.Debug|Any CPU.ActiveCfg = Debug|Any CPU
		{A3A198CD-F759-42CA-B518-46AD805A7681}.Debug|Any CPU.Build.0 = Debug|Any CPU
		{A3A198CD-F759-42CA-B518-46AD805A7681}.Release|Any CPU.ActiveCfg = Release|Any CPU
		{A3A198CD-F759-42CA-B518-46AD805A7681}.Release|Any CPU.Build.0 = Release|Any CPU
		{BC78D17D-2FE3-4AC2-B5DA-3F34358B816F}.Debug|Any CPU.ActiveCfg = Debug|Any CPU
		{BC78D17D-2FE3-4AC2-B5DA-3F34358B816F}.Debug|Any CPU.Build.0 = Debug|Any CPU
		{BC78D17D-2FE3-4AC2-B5DA-3F34358B816F}.Release|Any CPU.ActiveCfg = Release|Any CPU
		{BC78D17D-2FE3-4AC2-B5DA-3F34358B816F}.Release|Any CPU.Build.0 = Release|Any CPU
		{2F4C449D-3DD5-4341-A0FB-FBB6674C7BD5}.Debug|Any CPU.ActiveCfg = Debug|Any CPU
		{2F4C449D-3DD5-4341-A0FB-FBB6674C7BD5}.Debug|Any CPU.Build.0 = Debug|Any CPU
		{2F4C449D-3DD5-4341-A0FB-FBB6674C7BD5}.Release|Any CPU.ActiveCfg = Release|Any CPU
		{2F4C449D-3DD5-4341-A0FB-FBB6674C7BD5}.Release|Any CPU.Build.0 = Release|Any CPU
	EndGlobalSection
	GlobalSection(SolutionProperties) = preSolution
		HideSolutionNode = FALSE
	EndGlobalSection
	GlobalSection(NestedProjects) = preSolution
		{780EBFF8-8A3E-467F-886B-972A883CDFE6} = {2661157A-D318-48EE-8E81-B9EB84B12B42}
		{64271EA5-F557-4696-A1FB-A0DE6BFEE994} = {2661157A-D318-48EE-8E81-B9EB84B12B42}
		{19540622-E997-4669-A8ED-1B6D29B3932F} = {780EBFF8-8A3E-467F-886B-972A883CDFE6}
		{253311C7-DEB9-46F2-9F60-E68ED00E6C29} = {780EBFF8-8A3E-467F-886B-972A883CDFE6}
		{F1231511-0200-4058-8EFF-A250BEAF1DF9} = {780EBFF8-8A3E-467F-886B-972A883CDFE6}
		{D447699E-BF86-41A2-BA68-2C0AFDE985A1} = {19540622-E997-4669-A8ED-1B6D29B3932F}
		{7B9FC59A-2A30-4897-B4B3-66778B4BFE7C} = {19540622-E997-4669-A8ED-1B6D29B3932F}
		{89110116-105B-496D-910B-69C35CA580B4} = {19540622-E997-4669-A8ED-1B6D29B3932F}
		{C8968CD8-A217-4123-9723-0F20D9130B23} = {253311C7-DEB9-46F2-9F60-E68ED00E6C29}
		{EB69233E-E593-4494-A8F8-0BCA31F77A16} = {253311C7-DEB9-46F2-9F60-E68ED00E6C29}
		{13DAC223-DC06-4576-AAB8-4435D53FCE03} = {64271EA5-F557-4696-A1FB-A0DE6BFEE994}
		{8587E9CB-56A5-4119-82EB-C78F25732D15} = {F2EA5F64-9B14-4063-A798-37071B122818}
		{83DC7218-9CB9-4799-907E-A11CCC9A80B2} = {8A8F18DD-EFCE-4D9A-9A99-8A779F4782F9}
		{3006C8E1-5A87-4F90-9A44-5157617FBCCD} = {64271EA5-F557-4696-A1FB-A0DE6BFEE994}
		{CE042EB4-6A7C-4184-8D46-FA3F9B095CC5} = {64271EA5-F557-4696-A1FB-A0DE6BFEE994}
		{A3A198CD-F759-42CA-B518-46AD805A7681} = {64271EA5-F557-4696-A1FB-A0DE6BFEE994}
		{BC78D17D-2FE3-4AC2-B5DA-3F34358B816F} = {F1231511-0200-4058-8EFF-A250BEAF1DF9}
		{2F4C449D-3DD5-4341-A0FB-FBB6674C7BD5} = {253311C7-DEB9-46F2-9F60-E68ED00E6C29}
	EndGlobalSection
EndGlobal
